
Microsoft Visual Studio Solution File, Format Version 12.00
# Visual Studio 15
VisualStudioVersion = 15.0.27703.2042
MinimumVisualStudioVersion = 10.0.40219.1
Project("{FAE04EC0-301F-11D3-BF4B-00C04F79EFBC}") = "Eshop", "Eshop\Eshop.csproj", "{83BA52C6-79E6-42C6-8B75-2644FCA507F7}"
EndProject
Project("{FAE04EC0-301F-11D3-BF4B-00C04F79EFBC}") = "Eshop.Tests", "Eshop.Tests\Eshop.Tests.csproj", "{66B7ABD9-9720-483F-8102-485341A7B523}"
EndProject
Global
	GlobalSection(SolutionConfigurationPlatforms) = preSolution
		Debug|Any CPU = Debug|Any CPU
		Release|Any CPU = Release|Any CPU
	EndGlobalSection
	GlobalSection(ProjectConfigurationPlatforms) = postSolution
		{83BA52C6-79E6-42C6-8B75-2644FCA507F7}.Debug|Any CPU.ActiveCfg = Debug|Any CPU
		{83BA52C6-79E6-42C6-8B75-2644FCA507F7}.Debug|Any CPU.Build.0 = Debug|Any CPU
		{83BA52C6-79E6-42C6-8B75-2644FCA507F7}.Release|Any CPU.ActiveCfg = Release|Any CPU
		{83BA52C6-79E6-42C6-8B75-2644FCA507F7}.Release|Any CPU.Build.0 = Release|Any CPU
		{66B7ABD9-9720-483F-8102-485341A7B523}.Debug|Any CPU.ActiveCfg = Debug|Any CPU
		{66B7ABD9-9720-483F-8102-485341A7B523}.Debug|Any CPU.Build.0 = Debug|Any CPU
		{66B7ABD9-9720-483F-8102-485341A7B523}.Release|Any CPU.ActiveCfg = Release|Any CPU
		{66B7ABD9-9720-483F-8102-485341A7B523}.Release|Any CPU.Build.0 = Release|Any CPU
	EndGlobalSection
	GlobalSection(SolutionProperties) = preSolution
		HideSolutionNode = FALSE
	EndGlobalSection
	GlobalSection(ExtensibilityGlobals) = postSolution
		SolutionGuid = {69CDA928-07F6-437D-830D-93408081529E}
	EndGlobalSection
EndGlobal
